# THIS IS AN AUTOGENERATED FILE. DO NOT EDIT THIS FILE DIRECTLY.
# yarn lockfile v1


"@babel/parser@^7.15.0":
  version "7.15.7"
  resolved "https://registry.yarnpkg.com/@babel/parser/-/parser-7.15.7.tgz#0c3ed4a2eb07b165dfa85b3cc45c727334c4edae"

"@vitejs/plugin-vue@^1.9.0":
  version "1.9.2"
  resolved "https://registry.yarnpkg.com/@vitejs/plugin-vue/-/plugin-vue-1.9.2.tgz#7234efb8c3c3d60c7eac350a935074ab1820ae0e"

"@vue/compiler-core@3.2.18":
  version "3.2.18"
  resolved "https://registry.yarnpkg.com/@vue/compiler-core/-/compiler-core-3.2.18.tgz#239f8ed2e8a95e87f6a6235a4798d8d29e5b4dd8"
  dependencies:
    "@babel/parser" "^7.15.0"
    "@vue/shared" "3.2.18"
    estree-walker "^2.0.2"
    source-map "^0.6.1"

"@vue/compiler-dom@3.2.18":
  version "3.2.18"
  resolved "https://registry.yarnpkg.com/@vue/compiler-dom/-/compiler-dom-3.2.18.tgz#6bb3b0e318a7eb16c02eb42fefa96a58766c6730"
  dependencies:
    "@vue/compiler-core" "3.2.18"
    "@vue/shared" "3.2.18"

"@vue/compiler-sfc@3.2.18":
  version "3.2.18"
  resolved "https://registry.yarnpkg.com/@vue/compiler-sfc/-/compiler-sfc-3.2.18.tgz#d2dfcd09d2bb5a1dfe70d686ac5139473b25d5ef"
  dependencies:
    "@babel/parser" "^7.15.0"
    "@vue/compiler-core" "3.2.18"
    "@vue/compiler-dom" "3.2.18"
    "@vue/compiler-ssr" "3.2.18"
    "@vue/ref-transform" "3.2.18"
    "@vue/shared" "3.2.18"
    estree-walker "^2.0.2"
    magic-string "^0.25.7"
    postcss "^8.1.10"
    source-map "^0.6.1"

"@vue/compiler-ssr@3.2.18":
  version "3.2.18"
  resolved "https://registry.yarnpkg.com/@vue/compiler-ssr/-/compiler-ssr-3.2.18.tgz#d2801ac5e7472d0b3079f553a4ab98def96e7be9"
  dependencies:
    "@vue/compiler-dom" "3.2.18"
    "@vue/shared" "3.2.18"

"@vue/devtools-api@^6.0.0":
  version "6.1.3"
  resolved "https://registry.npmmirror.com/@vue/devtools-api/-/devtools-api-6.1.3.tgz#a44c52e8fa6d22f84db3abdcdd0be5135b7dd7cf"

"@vue/reactivity@3.2.18":
  version "3.2.18"
  resolved "https://registry.yarnpkg.com/@vue/reactivity/-/reactivity-3.2.18.tgz#46d5077289d1c57f62bdcdfc6a566e371e3f20cd"
  dependencies:
    "@vue/shared" "3.2.18"

"@vue/ref-transform@3.2.18":
  version "3.2.18"
  resolved "https://registry.yarnpkg.com/@vue/ref-transform/-/ref-transform-3.2.18.tgz#270be5502dd95d312ec970f518239d0e85548bc9"
  dependencies:
    "@babel/parser" "^7.15.0"
    "@vue/compiler-core" "3.2.18"
    "@vue/shared" "3.2.18"
    estree-walker "^2.0.2"
    magic-string "^0.25.7"

"@vue/runtime-core@3.2.18":
  version "3.2.18"
  resolved "https://registry.yarnpkg.com/@vue/runtime-core/-/runtime-core-3.2.18.tgz#f4de5b0524300eeb0a0b17f20ccbd1287aa33a16"
  dependencies:
    "@vue/reactivity" "3.2.18"
    "@vue/shared" "3.2.18"

"@vue/runtime-dom@3.2.18":
  version "3.2.18"
  resolved "https://registry.yarnpkg.com/@vue/runtime-dom/-/runtime-dom-3.2.18.tgz#25d23af43c104ab6c49b65ef9bc5e29be5788c2d"
  dependencies:
    "@vue/runtime-core" "3.2.18"
    "@vue/shared" "3.2.18"
    csstype "^2.6.8"

"@vue/server-renderer@3.2.18":
  version "3.2.18"
  resolved "https://registry.yarnpkg.com/@vue/server-renderer/-/server-renderer-3.2.18.tgz#66ff958eac719e7dee430c22685d100847491453"
  dependencies:
    "@vue/compiler-ssr" "3.2.18"
    "@vue/shared" "3.2.18"

"@vue/shared@3.2.18":
  version "3.2.18"
  resolved "https://registry.yarnpkg.com/@vue/shared/-/shared-3.2.18.tgz#f601356e14e455428e5db8281c966ba4c1bc3403"

csstype@^2.6.8:
  version "2.6.18"
  resolved "https://registry.yarnpkg.com/csstype/-/csstype-2.6.18.tgz#980a8b53085f34af313410af064f2bd241784218"

esbuild@^0.12.17:
  version "0.12.29"
  resolved "https://registry.yarnpkg.com/esbuild/-/esbuild-0.12.29.tgz#be602db7c4dc78944a9dbde0d1ea19d36c1f882d"

estree-walker@^2.0.2:
  version "2.0.2"
  resolved "https://registry.yarnpkg.com/estree-walker/-/estree-walker-2.0.2.tgz#52f010178c2a4c117a7757cfe942adb7d2da4cac"

fsevents@~2.3.2:
  version "2.3.2"
  resolved "https://registry.yarnpkg.com/fsevents/-/fsevents-2.3.2.tgz#8a526f78b8fdf4623b709e0b975c52c24c02fd1a"

function-bind@^1.1.1:
  version "1.1.1"
  resolved "https://registry.yarnpkg.com/function-bind/-/function-bind-1.1.1.tgz#a56899d3ea3c9bab874bb9773b7c5ede92f4895d"

has@^1.0.3:
  version "1.0.3"
  resolved "https://registry.yarnpkg.com/has/-/has-1.0.3.tgz#722d7cbfc1f6aa8241f16dd814e011e1f41e8796"
  dependencies:
    function-bind "^1.1.1"

is-core-module@^2.2.0:
  version "2.6.0"
  resolved "https://registry.yarnpkg.com/is-core-module/-/is-core-module-2.6.0.tgz#d7553b2526fe59b92ba3e40c8df757ec8a709e19"
  dependencies:
    has "^1.0.3"

magic-string@^0.25.7:
  version "0.25.7"
  resolved "https://registry.yarnpkg.com/magic-string/-/magic-string-0.25.7.tgz#3f497d6fd34c669c6798dcb821f2ef31f5445051"
  dependencies:
    sourcemap-codec "^1.4.4"

nanocolors@^0.1.5:
  version "0.1.12"
  resolved "https://registry.yarnpkg.com/nanocolors/-/nanocolors-0.1.12.tgz#8577482c58cbd7b5bb1681db4cf48f11a87fd5f6"

nanoid@^3.1.25:
  version "3.1.25"
  resolved "https://registry.yarnpkg.com/nanoid/-/nanoid-3.1.25.tgz#09ca32747c0e543f0e1814b7d3793477f9c8e152"

path-parse@^1.0.6:
  version "1.0.7"
  resolved "https://registry.yarnpkg.com/path-parse/-/path-parse-1.0.7.tgz#fbc114b60ca42b30d9daf5858e4bd68bbedb6735"

postcss@^8.1.10, postcss@^8.3.6:
  version "8.3.7"
  resolved "https://registry.yarnpkg.com/postcss/-/postcss-8.3.7.tgz#ec88563588c8da8e58e7226f7633b51ae221eeda"
  dependencies:
    nanocolors "^0.1.5"
    nanoid "^3.1.25"
    source-map-js "^0.6.2"

resolve@^1.20.0:
  version "1.20.0"
  resolved "https://registry.yarnpkg.com/resolve/-/resolve-1.20.0.tgz#629a013fb3f70755d6f0b7935cc1c2c5378b1975"
  dependencies:
    is-core-module "^2.2.0"
    path-parse "^1.0.6"

rollup@^2.38.5:
  version "2.57.0"
  resolved "https://registry.yarnpkg.com/rollup/-/rollup-2.57.0.tgz#c1694475eb22e1022477c0f4635fd0ac80713173"
  optionalDependencies:
    fsevents "~2.3.2"

source-map-js@^0.6.2:
  version "0.6.2"
  resolved "https://registry.yarnpkg.com/source-map-js/-/source-map-js-0.6.2.tgz#0bb5de631b41cfbda6cfba8bd05a80efdfd2385e"

source-map@^0.6.1:
  version "0.6.1"
  resolved "https://registry.yarnpkg.com/source-map/-/source-map-0.6.1.tgz#74722af32e9614e9c287a8d0bbde48b5e2f1a263"

sourcemap-codec@^1.4.4:
  version "1.4.8"
  resolved "https://registry.yarnpkg.com/sourcemap-codec/-/sourcemap-codec-1.4.8.tgz#ea804bd94857402e6992d05a38ef1ae35a9ab4c4"

vite@^2.5.10:
  version "2.5.10"
  resolved "https://registry.yarnpkg.com/vite/-/vite-2.5.10.tgz#c598e3b5a7e1956ffc52eb3b3420d177fc2ed2a5"
  dependencies:
    esbuild "^0.12.17"
    postcss "^8.3.6"
    resolve "^1.20.0"
    rollup "^2.38.5"
  optionalDependencies:
    fsevents "~2.3.2"

vue-router@4:
  version "4.0.14"
  resolved "https://registry.npmmirror.com/vue-router/-/vue-router-4.0.14.tgz#ce2028c1c5c33e30c7287950c973f397fce1bd65"
  dependencies:
    "@vue/devtools-api" "^6.0.0"

vue@^3.2.13:
  version "3.2.18"
  resolved "https://registry.yarnpkg.com/vue/-/vue-3.2.18.tgz#7791cbacb7e4193cf866eaac13ca61b912ce8eb6"
  dependencies:
    "@vue/compiler-dom" "3.2.18"
    "@vue/compiler-sfc" "3.2.18"
    "@vue/runtime-dom" "3.2.18"
    "@vue/server-renderer" "3.2.18"
    "@vue/shared" "3.2.18"
